// !$*UTF8*$!
{
	archiveVersion = 1;
	classes = {
	};
	objectVersion = 77;
	objects = {

/* Begin PBXBuildFile section */
		00CB38172D09620400177A41 /* HaishinKit in Frameworks */ = {isa = PBXBuildFile; productRef = 00CB38162D09620400177A41 /* HaishinKit */; };
/* End PBXBuildFile section */

/* Begin PBXContainerItemProxy section */
		00016FE92D04A5BB00A15368 /* PBXContainerItemProxy */ = {
			isa = PBXContainerItemProxy;
			containerPortal = 00016FCF2D04A5B900A15368 /* Project object */;
			proxyType = 1;
			remoteGlobalIDString = 00016FD62D04A5B900A15368;
			remoteInfo = "argus-egress-macos";
		};
		00016FF32D04A5BB00A15368 /* PBXContainerItemProxy */ = {
			isa = PBXContainerItemProxy;
			containerPortal = 00016FCF2D04A5B900A15368 /* Project object */;
			proxyType = 1;
			remoteGlobalIDString = 00016FD62D04A5B900A15368;
			remoteInfo = "argus-egress-macos";
		};
/* End PBXContainerItemProxy section */

/* Begin PBXFileReference section */
		00016FD72D04A5B900A15368 /* argus-egress-macos.app */ = {isa = PBXFileReference; explicitFileType = wrapper.application; includeInIndex = 0; path = "argus-egress-macos.app"; sourceTree = BUILT_PRODUCTS_DIR; };
		00016FE82D04A5BB00A15368 /* argus-egress-macosTests.xctest */ = {isa = PBXFileReference; explicitFileType = wrapper.cfbundle; includeInIndex = 0; path = "argus-egress-macosTests.xctest"; sourceTree = BUILT_PRODUCTS_DIR; };
		00016FF22D04A5BB00A15368 /* argus-egress-macosUITests.xctest */ = {isa = PBXFileReference; explicitFileType = wrapper.cfbundle; includeInIndex = 0; path = "argus-egress-macosUITests.xctest"; sourceTree = BUILT_PRODUCTS_DIR; };
/* End PBXFileReference section */

/* Begin PBXFileSystemSynchronizedRootGroup section */
		00016FD92D04A5B900A15368 /* argus-egress-macos */ = {
			isa = PBXFileSystemSynchronizedRootGroup;
			path = "argus-egress-macos";
			sourceTree = "<group>";
		};
		00016FEB2D04A5BB00A15368 /* argus-egress-macosTests */ = {
			isa = PBXFileSystemSynchronizedRootGroup;
			path = "argus-egress-macosTests";
			sourceTree = "<group>";
		};
		00016FF52D04A5BB00A15368 /* argus-egress-macosUITests */ = {
			isa = PBXFileSystemSynchronizedRootGroup;
			path = "argus-egress-macosUITests";
			sourceTree = "<group>";
		};
/* End PBXFileSystemSynchronizedRootGroup section */

/* Begin PBXFrameworksBuildPhase section */
		00016FD42D04A5B900A15368 /* Frameworks */ = {
			isa = PBXFrameworksBuildPhase;
			buildActionMask = 2147483647;
			files = (
				00CB38172D09620400177A41 /* HaishinKit in Frameworks */,
			);
			runOnlyForDeploymentPostprocessing = 0;
		};
		00016FE52D04A5BB00A15368 /* Frameworks */ = {
			isa = PBXFrameworksBuildPhase;
			buildActionMask = 2147483647;
			files = (
			);
			runOnlyForDeploymentPostprocessing = 0;
		};
		00016FEF2D04A5BB00A15368 /* Frameworks */ = {
			isa = PBXFrameworksBuildPhase;
			buildActionMask = 2147483647;
			files = (
			);
			runOnlyForDeploymentPostprocessing = 0;
		};
/* End PBXFrameworksBuildPhase section */

/* Begin PBXGroup section */
		00016FCE2D04A5B900A15368 = {
			isa = PBXGroup;
			children = (
				00016FD92D04A5B900A15368 /* argus-egress-macos */,
				00016FEB2D04A5BB00A15368 /* argus-egress-macosTests */,
				00016FF52D04A5BB00A15368 /* argus-egress-macosUITests */,
				00016FD82D04A5B900A15368 /* Products */,
			);
			sourceTree = "<group>";
		};
		00016FD82D04A5B900A15368 /* Products */ = {
			isa = PBXGroup;
			children = (
				00016FD72D04A5B900A15368 /* argus-egress-macos.app */,
				00016FE82D04A5BB00A15368 /* argus-egress-macosTests.xctest */,
				00016FF22D04A5BB00A15368 /* argus-egress-macosUITests.xctest */,
			);
			name = Products;
			sourceTree = "<group>";
		};
/* End PBXGroup section */

/* Begin PBXNativeTarget section */
		00016FD62D04A5B900A15368 /* argus-egress-macos */ = {
			isa = PBXNativeTarget;
			buildConfigurationList = 00016FFC2D04A5BB00A15368 /* Build configuration list for PBXNativeTarget "argus-egress-macos" */;
			buildPhases = (
				00016FD32D04A5B900A15368 /* Sources */,
				00016FD42D04A5B900A15368 /* Frameworks */,
				00016FD52D04A5B900A15368 /* Resources */,
			);
			buildRules = (
			);
			dependencies = (
			);
			fileSystemSynchronizedGroups = (
				00016FD92D04A5B900A15368 /* argus-egress-macos */,
			);
			name = "argus-egress-macos";
			packageProductDependencies = (
				00CB38162D09620400177A41 /* HaishinKit */,
			);
			productName = "argus-egress-macos";
			productReference = 00016FD72D04A5B900A15368 /* argus-egress-macos.app */;
			productType = "com.apple.product-type.application";
		};
		00016FE72D04A5BB00A15368 /* argus-egress-macosTests */ = {
			isa = PBXNativeTarget;
			buildConfigurationList = 00016FFF2D04A5BB00A15368 /* Build configuration list for PBXNativeTarget "argus-egress-macosTests" */;
			buildPhases = (
				00016FE42D04A5BB00A15368 /* Sources */,
				00016FE52D04A5BB00A15368 /* Frameworks */,
				00016FE62D04A5BB00A15368 /* Resources */,
			);
			buildRules = (
			);
			dependencies = (
				00016FEA2D04A5BB00A15368 /* PBXTargetDependency */,
			);
			fileSystemSynchronizedGroups = (
				00016FEB2D04A5BB00A15368 /* argus-egress-macosTests */,
			);
			name = "argus-egress-macosTests";
			packageProductDependencies = (
			);
			productName = "argus-egress-macosTests";
			productReference = 00016FE82D04A5BB00A15368 /* argus-egress-macosTests.xctest */;
			productType = "com.apple.product-type.bundle.unit-test";
		};
		00016FF12D04A5BB00A15368 /* argus-egress-macosUITests */ = {
			isa = PBXNativeTarget;
			buildConfigurationList = 000170022D04A5BB00A15368 /* Build configuration list for PBXNativeTarget "argus-egress-macosUITests" */;
			buildPhases = (
				00016FEE2D04A5BB00A15368 /* Sources */,
				00016FEF2D04A5BB00A15368 /* Frameworks */,
				00016FF02D04A5BB00A15368 /* Resources */,
			);
			buildRules = (
			);
			dependencies = (
				00016FF42D04A5BB00A15368 /* PBXTargetDependency */,
			);
			fileSystemSynchronizedGroups = (
				00016FF52D04A5BB00A15368 /* argus-egress-macosUITests */,
			);
			name = "argus-egress-macosUITests";
			packageProductDependencies = (
			);
			productName = "argus-egress-macosUITests";
			productReference = 00016FF22D04A5BB00A15368 /* argus-egress-macosUITests.xctest */;
			productType = "com.apple.product-type.bundle.ui-testing";
		};
/* End PBXNativeTarget section */

/* Begin PBXProject section */
		00016FCF2D04A5B900A15368 /* Project object */ = {
			isa = PBXProject;
			attributes = {
				BuildIndependentTargetsInParallel = 1;
				LastSwiftUpdateCheck = 1610;
				LastUpgradeCheck = 1610;
				TargetAttributes = {
					00016FD62D04A5B900A15368 = {
						CreatedOnToolsVersion = 16.1;
					};
					00016FE72D04A5BB00A15368 = {
						CreatedOnToolsVersion = 16.1;
						TestTargetID = 00016FD62D04A5B900A15368;
					};
					00016FF12D04A5BB00A15368 = {
						CreatedOnToolsVersion = 16.1;
						TestTargetID = 00016FD62D04A5B900A15368;
					};
				};
			};
			buildConfigurationList = 00016FD22D04A5B900A15368 /* Build configuration list for PBXProject "argus-egress-macos" */;
			developmentRegion = en;
			hasScannedForEncodings = 0;
			knownRegions = (
				en,
				Base,
			);
			mainGroup = 00016FCE2D04A5B900A15368;
			minimizedProjectReferenceProxies = 1;
			packageReferences = (
				00CB38152D09620400177A41 /* XCRemoteSwiftPackageReference "HaishinKit" */,
			);
			preferredProjectObjectVersion = 77;
			productRefGroup = 00016FD82D04A5B900A15368 /* Products */;
			projectDirPath = "";
			projectRoot = "";
			targets = (
				00016FD62D04A5B900A15368 /* argus-egress-macos */,
				00016FE72D04A5BB00A15368 /* argus-egress-macosTests */,
				00016FF12D04A5BB00A15368 /* argus-egress-macosUITests */,
			);
		};
/* End PBXProject section */

/* Begin PBXResourcesBuildPhase section */
		00016FD52D04A5B900A15368 /* Resources */ = {
			isa = PBXResourcesBuildPhase;
			buildActionMask = 2147483647;
			files = (
			);
			runOnlyForDeploymentPostprocessing = 0;
		};
		00016FE62D04A5BB00A15368 /* Resources */ = {
			isa = PBXResourcesBuildPhase;
			buildActionMask = 2147483647;
			files = (
			);
			runOnlyForDeploymentPostprocessing = 0;
		};
		00016FF02D04A5BB00A15368 /* Resources */ = {
			isa = PBXResourcesBuildPhase;
			buildActionMask = 2147483647;
			files = (
			);
			runOnlyForDeploymentPostprocessing = 0;
		};
/* End PBXResourcesBuildPhase section */

/* Begin PBXSourcesBuildPhase section */
		00016FD32D04A5B900A15368 /* Sources */ = {
			isa = PBXSourcesBuildPhase;
			buildActionMask = 2147483647;
			files = (
			);
			runOnlyForDeploymentPostprocessing = 0;
		};
		00016FE42D04A5BB00A15368 /* Sources */ = {
			isa = PBXSourcesBuildPhase;
			buildActionMask = 2147483647;
			files = (
			);
			runOnlyForDeploymentPostprocessing = 0;
		};
		00016FEE2D04A5BB00A15368 /* Sources */ = {
			isa = PBXSourcesBuildPhase;
			buildActionMask = 2147483647;
			files = (
			);
			runOnlyForDeploymentPostprocessing = 0;
		};
/* End PBXSourcesBuildPhase section */

/* Begin PBXTargetDependency section */
		00016FEA2D04A5BB00A15368 /* PBXTargetDependency */ = {
			isa = PBXTargetDependency;
			target = 00016FD62D04A5B900A15368 /* argus-egress-macos */;
			targetProxy = 00016FE92D04A5BB00A15368 /* PBXContainerItemProxy */;
		};
		00016FF42D04A5BB00A15368 /* PBXTargetDependency */ = {
			isa = PBXTargetDependency;
			target = 00016FD62D04A5B900A15368 /* argus-egress-macos */;
			targetProxy = 00016FF32D04A5BB00A15368 /* PBXContainerItemProxy */;
		};
/* End PBXTargetDependency section */

/* Begin XCBuildConfiguration section */
		00016FFA2D04A5BB00A15368 /* Debug */ = {
			isa = XCBuildConfiguration;
			buildSettings = {
				ALWAYS_SEARCH_USER_PATHS = NO;
				ASSETCATALOG_COMPILER_GENERATE_SWIFT_ASSET_SYMBOL_EXTENSIONS = YES;
				CLANG_ANALYZER_NONNULL = YES;
				CLANG_ANALYZER_NUMBER_OBJECT_CONVERSION = YES_AGGRESSIVE;
				CLANG_CXX_LANGUAGE_STANDARD = "gnu++20";
				CLANG_ENABLE_MODULES = YES;
				CLANG_ENABLE_OBJC_ARC = YES;
				CLANG_ENABLE_OBJC_WEAK = YES;
				CLANG_WARN_BLOCK_CAPTURE_AUTORELEASING = YES;
				CLANG_WARN_BOOL_CONVERSION = YES;
				CLANG_WARN_COMMA = YES;
				CLANG_WARN_CONSTANT_CONVERSION = YES;
				CLANG_WARN_DEPRECATED_OBJC_IMPLEMENTATIONS = YES;
				CLANG_WARN_DIRECT_OBJC_ISA_USAGE = YES_ERROR;
				CLANG_WARN_DOCUMENTATION_COMMENTS = YES;
				CLANG_WARN_EMPTY_BODY = YES;
				CLANG_WARN_ENUM_CONVERSION = YES;
				CLANG_WARN_INFINITE_RECURSION = YES;
				CLANG_WARN_INT_CONVERSION = YES;
				CLANG_WARN_NON_LITERAL_NULL_CONVERSION = YES;
				CLANG_WARN_OBJC_IMPLICIT_RETAIN_SELF = YES;
				CLANG_WARN_OBJC_LITERAL_CONVERSION = YES;
				CLANG_WARN_OBJC_ROOT_CLASS = YES_ERROR;
				CLANG_WARN_QUOTED_INCLUDE_IN_FRAMEWORK_HEADER = YES;
				CLANG_WARN_RANGE_LOOP_ANALYSIS = YES;
				CLANG_WARN_STRICT_PROTOTYPES = YES;
				CLANG_WARN_SUSPICIOUS_MOVE = YES;
				CLANG_WARN_UNGUARDED_AVAILABILITY = YES_AGGRESSIVE;
				CLANG_WARN_UNREACHABLE_CODE = YES;
				CLANG_WARN__DUPLICATE_METHOD_MATCH = YES;
				COPY_PHASE_STRIP = NO;
				DEBUG_INFORMATION_FORMAT = dwarf;
				ENABLE_STRICT_OBJC_MSGSEND = YES;
				ENABLE_TESTABILITY = YES;
				ENABLE_USER_SCRIPT_SANDBOXING = YES;
				GCC_C_LANGUAGE_STANDARD = gnu17;
				GCC_DYNAMIC_NO_PIC = NO;
				GCC_NO_COMMON_BLOCKS = YES;
				GCC_OPTIMIZATION_LEVEL = 0;
				GCC_PREPROCESSOR_DEFINITIONS = (
					"DEBUG=1",
					"$(inherited)",
				);
				GCC_WARN_64_TO_32_BIT_CONVERSION = YES;
				GCC_WARN_ABOUT_RETURN_TYPE = YES_ERROR;
				GCC_WARN_UNDECLARED_SELECTOR = YES;
				GCC_WARN_UNINITIALIZED_AUTOS = YES_AGGRESSIVE;
				GCC_WARN_UNUSED_FUNCTION = YES;
				GCC_WARN_UNUSED_VARIABLE = YES;
				LOCALIZATION_PREFERS_STRING_CATALOGS = YES;
				MACOSX_DEPLOYMENT_TARGET = 14.6;
				MTL_ENABLE_DEBUG_INFO = INCLUDE_SOURCE;
				MTL_FAST_MATH = YES;
				ONLY_ACTIVE_ARCH = YES;
				SDKROOT = macosx;
				SWIFT_ACTIVE_COMPILATION_CONDITIONS = "DEBUG $(inherited)";
				SWIFT_OPTIMIZATION_LEVEL = "-Onone";
			};
			name = Debug;
		};
		00016FFB2D04A5BB00A15368 /* Release */ = {
			isa = XCBuildConfiguration;
			buildSettings = {
				ALWAYS_SEARCH_USER_PATHS = NO;
				ASSETCATALOG_COMPILER_GENERATE_SWIFT_ASSET_SYMBOL_EXTENSIONS = YES;
				CLANG_ANALYZER_NONNULL = YES;
				CLANG_ANALYZER_NUMBER_OBJECT_CONVERSION = YES_AGGRESSIVE;
				CLANG_CXX_LANGUAGE_STANDARD = "gnu++20";
				CLANG_ENABLE_MODULES = YES;
				CLANG_ENABLE_OBJC_ARC = YES;
				CLANG_ENABLE_OBJC_WEAK = YES;
				CLANG_WARN_BLOCK_CAPTURE_AUTORELEASING = YES;
				CLANG_WARN_BOOL_CONVERSION = YES;
				CLANG_WARN_COMMA = YES;
				CLANG_WARN_CONSTANT_CONVERSION = YES;
				CLANG_WARN_DEPRECATED_OBJC_IMPLEMENTATIONS = YES;
				CLANG_WARN_DIRECT_OBJC_ISA_USAGE = YES_ERROR;
				CLANG_WARN_DOCUMENTATION_COMMENTS = YES;
				CLANG_WARN_EMPTY_BODY = YES;
				CLANG_WARN_ENUM_CONVERSION = YES;
				CLANG_WARN_INFINITE_RECURSION = YES;
				CLANG_WARN_INT_CONVERSION = YES;
				CLANG_WARN_NON_LITERAL_NULL_CONVERSION = YES;
				CLANG_WARN_OBJC_IMPLICIT_RETAIN_SELF = YES;
				CLANG_WARN_OBJC_LITERAL_CONVERSION = YES;
				CLANG_WARN_OBJC_ROOT_CLASS = YES_ERROR;
				CLANG_WARN_QUOTED_INCLUDE_IN_FRAMEWORK_HEADER = YES;
				CLANG_WARN_RANGE_LOOP_ANALYSIS = YES;
				CLANG_WARN_STRICT_PROTOTYPES = YES;
				CLANG_WARN_SUSPICIOUS_MOVE = YES;
				CLANG_WARN_UNGUARDED_AVAILABILITY = YES_AGGRESSIVE;
				CLANG_WARN_UNREACHABLE_CODE = YES;
				CLANG_WARN__DUPLICATE_METHOD_MATCH = YES;
				COPY_PHASE_STRIP = NO;
				DEBUG_INFORMATION_FORMAT = "dwarf-with-dsym";
				ENABLE_NS_ASSERTIONS = NO;
				ENABLE_STRICT_OBJC_MSGSEND = YES;
				ENABLE_USER_SCRIPT_SANDBOXING = YES;
				GCC_C_LANGUAGE_STANDARD = gnu17;
				GCC_NO_COMMON_BLOCKS = YES;
				GCC_WARN_64_TO_32_BIT_CONVERSION = YES;
				GCC_WARN_ABOUT_RETURN_TYPE = YES_ERROR;
				GCC_WARN_UNDECLARED_SELECTOR = YES;
				GCC_WARN_UNINITIALIZED_AUTOS = YES_AGGRESSIVE;
				GCC_WARN_UNUSED_FUNCTION = YES;
				GCC_WARN_UNUSED_VARIABLE = YES;
				LOCALIZATION_PREFERS_STRING_CATALOGS = YES;
				MACOSX_DEPLOYMENT_TARGET = 14.6;
				MTL_ENABLE_DEBUG_INFO = NO;
				MTL_FAST_MATH = YES;
				SDKROOT = macosx;
				SWIFT_COMPILATION_MODE = wholemodule;
			};
			name = Release;
		};
		00016FFD2D04A5BB00A15368 /* Debug */ = {
			isa = XCBuildConfiguration;
			buildSettings = {
				ASSETCATALOG_COMPILER_APPICON_NAME = AppIcon;
				ASSETCATALOG_COMPILER_GLOBAL_ACCENT_COLOR_NAME = AccentColor;
				CODE_SIGN_ENTITLEMENTS = "argus-egress-macos/argus_egress_macos.entitlements";
				CODE_SIGN_STYLE = Automatic;
				COMBINE_HIDPI_IMAGES = YES;
				CURRENT_PROJECT_VERSION = 1;
				DEVELOPMENT_ASSET_PATHS = "\"argus-egress-macos/Preview Content\"";
				DEVELOPMENT_TEAM = 354UWT7ZK9;
				ENABLE_HARDENED_RUNTIME = YES;
				ENABLE_PREVIEWS = YES;
				GENERATE_INFOPLIST_FILE = YES;
				INFOPLIST_KEY_NSHumanReadableCopyright = "";
				LD_RUNPATH_SEARCH_PATHS = (
					"$(inherited)",
					"@executable_path/../Frameworks",
				);
				MARKETING_VERSION = 1.0;
				PRODUCT_BUNDLE_IDENTIFIER = "com.prometheus.argus-egress-macos";
				PRODUCT_NAME = "$(TARGET_NAME)";
				SWIFT_EMIT_LOC_STRINGS = YES;
				SWIFT_VERSION = 5.0;
			};
			name = Debug;
		};
		00016FFE2D04A5BB00A15368 /* Release */ = {
			isa = XCBuildConfiguration;
			buildSettings = {
				ASSETCATALOG_COMPILER_APPICON_NAME = AppIcon;
				ASSETCATALOG_COMPILER_GLOBAL_ACCENT_COLOR_NAME = AccentColor;
				CODE_SIGN_ENTITLEMENTS = "argus-egress-macos/argus_egress_macos.entitlements";
				CODE_SIGN_STYLE = Automatic;
				COMBINE_HIDPI_IMAGES = YES;
				CURRENT_PROJECT_VERSION = 1;
				DEVELOPMENT_ASSET_PATHS = "\"argus-egress-macos/Preview Content\"";
				DEVELOPMENT_TEAM = 354UWT7ZK9;
				ENABLE_HARDENED_RUNTIME = YES;
				ENABLE_PREVIEWS = YES;
				GENERATE_INFOPLIST_FILE = YES;
				INFOPLIST_KEY_NSHumanReadableCopyright = "";
				LD_RUNPATH_SEARCH_PATHS = (
					"$(inherited)",
					"@executable_path/../Frameworks",
				);
				MARKETING_VERSION = 1.0;
				PRODUCT_BUNDLE_IDENTIFIER = "com.prometheus.argus-egress-macos";
				PRODUCT_NAME = "$(TARGET_NAME)";
				SWIFT_EMIT_LOC_STRINGS = YES;
				SWIFT_VERSION = 5.0;
			};
			name = Release;
		};
		000170002D04A5BB00A15368 /* Debug */ = {
			isa = XCBuildConfiguration;
			buildSettings = {
				BUNDLE_LOADER = "$(TEST_HOST)";
				CODE_SIGN_STYLE = Automatic;
				CURRENT_PROJECT_VERSION = 1;
				DEVELOPMENT_TEAM = 354UWT7ZK9;
				GENERATE_INFOPLIST_FILE = YES;
				MACOSX_DEPLOYMENT_TARGET = 14.6;
				MARKETING_VERSION = 1.0;
				PRODUCT_BUNDLE_IDENTIFIER = "com.prometheus.argus-egress-macosTests";
				PRODUCT_NAME = "$(TARGET_NAME)";
				SWIFT_EMIT_LOC_STRINGS = NO;
				SWIFT_VERSION = 5.0;
				TEST_HOST = "$(BUILT_PRODUCTS_DIR)/argus-egress-macos.app/$(BUNDLE_EXECUTABLE_FOLDER_PATH)/argus-egress-macos";
			};
			name = Debug;
		};
		000170012D04A5BB00A15368 /* Release */ = {
			isa = XCBuildConfiguration;
			buildSettings = {
				BUNDLE_LOADER = "$(TEST_HOST)";
				CODE_SIGN_STYLE = Automatic;
				CURRENT_PROJECT_VERSION = 1;
				DEVELOPMENT_TEAM = 354UWT7ZK9;
				GENERATE_INFOPLIST_FILE = YES;
				MACOSX_DEPLOYMENT_TARGET = 14.6;
				MARKETING_VERSION = 1.0;
				PRODUCT_BUNDLE_IDENTIFIER = "com.prometheus.argus-egress-macosTests";
				PRODUCT_NAME = "$(TARGET_NAME)";
				SWIFT_EMIT_LOC_STRINGS = NO;
				SWIFT_VERSION = 5.0;
				TEST_HOST = "$(BUILT_PRODUCTS_DIR)/argus-egress-macos.app/$(BUNDLE_EXECUTABLE_FOLDER_PATH)/argus-egress-macos";
			};
			name = Release;
		};
		000170032D04A5BB00A15368 /* Debug */ = {
			isa = XCBuildConfiguration;
			buildSettings = {
				CODE_SIGN_STYLE = Automatic;
				CURRENT_PROJECT_VERSION = 1;
				DEVELOPMENT_TEAM = 354UWT7ZK9;
				GENERATE_INFOPLIST_FILE = YES;
				MARKETING_VERSION = 1.0;
				PRODUCT_BUNDLE_IDENTIFIER = "com.prometheus.argus-egress-macosUITests";
				PRODUCT_NAME = "$(TARGET_NAME)";
				SWIFT_EMIT_LOC_STRINGS = NO;
				SWIFT_VERSION = 5.0;
				TEST_TARGET_NAME = "argus-egress-macos";
			};
			name = Debug;
		};
		000170042D04A5BB00A15368 /* Release */ = {
			isa = XCBuildConfiguration;
			buildSettings = {
				CODE_SIGN_STYLE = Automatic;
				CURRENT_PROJECT_VERSION = 1;
				DEVELOPMENT_TEAM = 354UWT7ZK9;
				GENERATE_INFOPLIST_FILE = YES;
				MARKETING_VERSION = 1.0;
				PRODUCT_BUNDLE_IDENTIFIER = "com.prometheus.argus-egress-macosUITests";
				PRODUCT_NAME = "$(TARGET_NAME)";
				SWIFT_EMIT_LOC_STRINGS = NO;
				SWIFT_VERSION = 5.0;
				TEST_TARGET_NAME = "argus-egress-macos";
			};
			name = Release;
		};
/* End XCBuildConfiguration section */

/* Begin XCConfigurationList section */
		00016FD22D04A5B900A15368 /* Build configuration list for PBXProject "argus-egress-macos" */ = {
			isa = XCConfigurationList;
			buildConfigurations = (
				00016FFA2D04A5BB00A15368 /* Debug */,
				00016FFB2D04A5BB00A15368 /* Release */,
			);
			defaultConfigurationIsVisible = 0;
			defaultConfigurationName = Release;
		};
		00016FFC2D04A5BB00A15368 /* Build configuration list for PBXNativeTarget "argus-egress-macos" */ = {
			isa = XCConfigurationList;
			buildConfigurations = (
				00016FFD2D04A5BB00A15368 /* Debug */,
				00016FFE2D04A5BB00A15368 /* Release */,
			);
			defaultConfigurationIsVisible = 0;
			defaultConfigurationName = Release;
		};
		00016FFF2D04A5BB00A15368 /* Build configuration list for PBXNativeTarget "argus-egress-macosTests" */ = {
			isa = XCConfigurationList;
			buildConfigurations = (
				000170002D04A5BB00A15368 /* Debug */,
				000170012D04A5BB00A15368 /* Release */,
			);
			defaultConfigurationIsVisible = 0;
			defaultConfigurationName = Release;
		};
		000170022D04A5BB00A15368 /* Build configuration list for PBXNativeTarget "argus-egress-macosUITests" */ = {
			isa = XCConfigurationList;
			buildConfigurations = (
				000170032D04A5BB00A15368 /* Debug */,
				000170042D04A5BB00A15368 /* Release */,
			);
			defaultConfigurationIsVisible = 0;
			defaultConfigurationName = Release;
		};
/* End XCConfigurationList section */

/* Begin XCRemoteSwiftPackageReference section */
		00CB38152D09620400177A41 /* XCRemoteSwiftPackageReference "HaishinKit" */ = {
			isa = XCRemoteSwiftPackageReference;
			repositoryURL = "https://github.com/shogo4405/HaishinKit.swift";
			requirement = {
				kind = upToNextMajorVersion;
				minimumVersion = 2.0.1;
			};
		};
/* End XCRemoteSwiftPackageReference section */

/* Begin XCSwiftPackageProductDependency section */
		00CB38162D09620400177A41 /* HaishinKit */ = {
			isa = XCSwiftPackageProductDependency;
			package = 00CB38152D09620400177A41 /* XCRemoteSwiftPackageReference "HaishinKit" */;
			productName = HaishinKit;
		};
/* End XCSwiftPackageProductDependency section */
	};
	rootObject = 00016FCF2D04A5B900A15368 /* Project object */;
}
